// !$*UTF8*$!
{
	archiveVersion = 1;
	classes = {
	};
	objectVersion = 46;
	objects = {

/* Begin PBXBuildFile section */
		50458AEE1F42436D00AE0C57 /* AppDelegate.swift in Sources */ = {isa = PBXBuildFile; fileRef = 50458AED1F42436D00AE0C57 /* AppDelegate.swift */; };
		50458AF31F42436D00AE0C57 /* Main.storyboard in Resources */ = {isa = PBXBuildFile; fileRef = 50458AF11F42436D00AE0C57 /* Main.storyboard */; };
		50458AF51F42436D00AE0C57 /* Assets.xcassets in Resources */ = {isa = PBXBuildFile; fileRef = 50458AF41F42436D00AE0C57 /* Assets.xcassets */; };
		50458AF81F42436D00AE0C57 /* LaunchScreen.storyboard in Resources */ = {isa = PBXBuildFile; fileRef = 50458AF61F42436D00AE0C57 /* LaunchScreen.storyboard */; };
		50B2FBC41F43555B003B3F58 /* PhotoCollectionViewCell.swift in Sources */ = {isa = PBXBuildFile; fileRef = 50B2FBC31F43555B003B3F58 /* PhotoCollectionViewCell.swift */; };
		50B2FBCA1F435612003B3F58 /* DataModel.swift in Sources */ = {isa = PBXBuildFile; fileRef = 50B2FBC91F435612003B3F58 /* DataModel.swift */; };
		50B2FBCC1F4356B6003B3F58 /* Photo.swift in Sources */ = {isa = PBXBuildFile; fileRef = 50B2FBCB1F4356B6003B3F58 /* Photo.swift */; };
		50B2FBD61F435DAE003B3F58 /* Proxima Nova Black.ttf in Resources */ = {isa = PBXBuildFile; fileRef = 50B2FBCF1F435DAE003B3F58 /* Proxima Nova Black.ttf */; };
		50B2FBD71F435DAE003B3F58 /* Proxima Nova Bold.ttf in Resources */ = {isa = PBXBuildFile; fileRef = 50B2FBD01F435DAE003B3F58 /* Proxima Nova Bold.ttf */; };
		50B2FBD81F435DAE003B3F58 /* Proxima Nova Condensed Semibold.ttf in Resources */ = {isa = PBXBuildFile; fileRef = 50B2FBD11F435DAE003B3F58 /* Proxima Nova Condensed Semibold.ttf */; };
		50B2FBD91F435DAE003B3F58 /* Proxima Nova Regular.ttf in Resources */ = {isa = PBXBuildFile; fileRef = 50B2FBD21F435DAE003B3F58 /* Proxima Nova Regular.ttf */; };
		50B2FBDA1F435DAE003B3F58 /* Proxima Nova ScOsf Thin.ttf in Resources */ = {isa = PBXBuildFile; fileRef = 50B2FBD31F435DAE003B3F58 /* Proxima Nova ScOsf Thin.ttf */; };
		50B2FBDB1F435DAE003B3F58 /* Proxima Nova Semibold.ttf in Resources */ = {isa = PBXBuildFile; fileRef = 50B2FBD41F435DAE003B3F58 /* Proxima Nova Semibold.ttf */; };
		50B2FBDC1F435DAE003B3F58 /* Proxima Nova Thin.ttf in Resources */ = {isa = PBXBuildFile; fileRef = 50B2FBD51F435DAE003B3F58 /* Proxima Nova Thin.ttf */; };
		50B2FBE01F4368E1003B3F58 /* PhotosDataController.swift in Sources */ = {isa = PBXBuildFile; fileRef = 50B2FBDF1F4368E1003B3F58 /* PhotosDataController.swift */; };
		50B2FBE21F438080003B3F58 /* PhotoDetailViewController.swift in Sources */ = {isa = PBXBuildFile; fileRef = 50B2FBE11F438080003B3F58 /* PhotoDetailViewController.swift */; };
		50B2FBE51F438796003B3F58 /* ViewController.swift in Sources */ = {isa = PBXBuildFile; fileRef = 50B2FBE31F4380A2003B3F58 /* ViewController.swift */; };
/* End PBXBuildFile section */

/* Begin PBXFileReference section */
		50458AEA1F42436D00AE0C57 /* HomeStore.app */ = {isa = PBXFileReference; explicitFileType = wrapper.application; includeInIndex = 0; path = HomeStore.app; sourceTree = BUILT_PRODUCTS_DIR; };
		50458AED1F42436D00AE0C57 /* AppDelegate.swift */ = {isa = PBXFileReference; lastKnownFileType = sourcecode.swift; path = AppDelegate.swift; sourceTree = "<group>"; };
		50458AF21F42436D00AE0C57 /* Base */ = {isa = PBXFileReference; lastKnownFileType = file.storyboard; name = Base; path = Base.lproj/Main.storyboard; sourceTree = "<group>"; };
		50458AF41F42436D00AE0C57 /* Assets.xcassets */ = {isa = PBXFileReference; lastKnownFileType = folder.assetcatalog; path = Assets.xcassets; sourceTree = "<group>"; };
		50458AF71F42436D00AE0C57 /* Base */ = {isa = PBXFileReference; lastKnownFileType = file.storyboard; name = Base; path = Base.lproj/LaunchScreen.storyboard; sourceTree = "<group>"; };
		50458AF91F42436D00AE0C57 /* Info.plist */ = {isa = PBXFileReference; lastKnownFileType = text.plist.xml; path = Info.plist; sourceTree = "<group>"; };
		50B2FBC31F43555B003B3F58 /* PhotoCollectionViewCell.swift */ = {isa = PBXFileReference; fileEncoding = 4; lastKnownFileType = sourcecode.swift; name = PhotoCollectionViewCell.swift; path = Views/PhotoCollectionViewCell.swift; sourceTree = "<group>"; };
		50B2FBC91F435612003B3F58 /* DataModel.swift */ = {isa = PBXFileReference; fileEncoding = 4; lastKnownFileType = sourcecode.swift; name = DataModel.swift; path = DataModel/DataModel.swift; sourceTree = "<group>"; };
		50B2FBCB1F4356B6003B3F58 /* Photo.swift */ = {isa = PBXFileReference; fileEncoding = 4; lastKnownFileType = sourcecode.swift; name = Photo.swift; path = DataModel/Photo.swift; sourceTree = "<group>"; };
		50B2FBCF1F435DAE003B3F58 /* Proxima Nova Black.ttf */ = {isa = PBXFileReference; lastKnownFileType = file; name = "Proxima Nova Black.ttf"; path = "fonts/Proxima Nova Black.ttf"; sourceTree = "<group>"; };
		50B2FBD01F435DAE003B3F58 /* Proxima Nova Bold.ttf */ = {isa = PBXFileReference; lastKnownFileType = file; name = "Proxima Nova Bold.ttf"; path = "fonts/Proxima Nova Bold.ttf"; sourceTree = "<group>"; };
		50B2FBD11F435DAE003B3F58 /* Proxima Nova Condensed Semibold.ttf */ = {isa = PBXFileReference; lastKnownFileType = file; name = "Proxima Nova Condensed Semibold.ttf"; path = "fonts/Proxima Nova Condensed Semibold.ttf"; sourceTree = "<group>"; };
		50B2FBD21F435DAE003B3F58 /* Proxima Nova Regular.ttf */ = {isa = PBXFileReference; lastKnownFileType = file; name = "Proxima Nova Regular.ttf"; path = "fonts/Proxima Nova Regular.ttf"; sourceTree = "<group>"; };
		50B2FBD31F435DAE003B3F58 /* Proxima Nova ScOsf Thin.ttf */ = {isa = PBXFileReference; lastKnownFileType = file; name = "Proxima Nova ScOsf Thin.ttf"; path = "fonts/Proxima Nova ScOsf Thin.ttf"; sourceTree = "<group>"; };
		50B2FBD41F435DAE003B3F58 /* Proxima Nova Semibold.ttf */ = {isa = PBXFileReference; lastKnownFileType = file; name = "Proxima Nova Semibold.ttf"; path = "fonts/Proxima Nova Semibold.ttf"; sourceTree = "<group>"; };
		50B2FBD51F435DAE003B3F58 /* Proxima Nova Thin.ttf */ = {isa = PBXFileReference; lastKnownFileType = file; name = "Proxima Nova Thin.ttf"; path = "fonts/Proxima Nova Thin.ttf"; sourceTree = "<group>"; };
		50B2FBDF1F4368E1003B3F58 /* PhotosDataController.swift */ = {isa = PBXFileReference; fileEncoding = 4; lastKnownFileType = sourcecode.swift; name = PhotosDataController.swift; path = "Data Controller/PhotosDataController.swift"; sourceTree = "<group>"; };
		50B2FBE11F438080003B3F58 /* PhotoDetailViewController.swift */ = {isa = PBXFileReference; fileEncoding = 4; lastKnownFileType = sourcecode.swift; name = PhotoDetailViewController.swift; path = ViewControllers/PhotoDetailViewController.swift; sourceTree = "<group>"; };
		50B2FBE31F4380A2003B3F58 /* ViewController.swift */ = {isa = PBXFileReference; fileEncoding = 4; lastKnownFileType = sourcecode.swift; name = ViewController.swift; path = ViewControllers/ViewController.swift; sourceTree = "<group>"; };
/* End PBXFileReference section */

/* Begin PBXFrameworksBuildPhase section */
		50458AE71F42436D00AE0C57 /* Frameworks */ = {
			isa = PBXFrameworksBuildPhase;
			buildActionMask = 2147483647;
			files = (
			);
			runOnlyForDeploymentPostprocessing = 0;
		};
/* End PBXFrameworksBuildPhase section */

/* Begin PBXGroup section */
		49D23112AE62ED084F20BECA /* Frameworks */ = {
			isa = PBXGroup;
			children = (
			);
			name = Frameworks;
			sourceTree = "<group>";
		};
		50458AE11F42436D00AE0C57 = {
			isa = PBXGroup;
			children = (
				50458AEC1F42436D00AE0C57 /* HomeStore */,
				50458AEB1F42436D00AE0C57 /* Products */,
				49D23112AE62ED084F20BECA /* Frameworks */,
			);
			sourceTree = "<group>";
		};
		50458AEB1F42436D00AE0C57 /* Products */ = {
			isa = PBXGroup;
			children = (
				50458AEA1F42436D00AE0C57 /* HomeStore.app */,
			);
			name = Products;
			sourceTree = "<group>";
		};
		50458AEC1F42436D00AE0C57 /* HomeStore */ = {
			isa = PBXGroup;
			children = (
				50458AED1F42436D00AE0C57 /* AppDelegate.swift */,
				50458B011F434B3100AE0C57 /* Data Model */,
				50B2FBDE1F4368B5003B3F58 /* Data Controllers */,
				50458AFF1F434B0900AE0C57 /* View Controller */,
				50458B001F434B1F00AE0C57 /* Storyboard and Views */,
				50458AF41F42436D00AE0C57 /* Assets.xcassets */,
				50B2FBDD1F435DB9003B3F58 /* Fonts */,
				50458AF61F42436D00AE0C57 /* LaunchScreen.storyboard */,
				50458AF91F42436D00AE0C57 /* Info.plist */,
			);
			path = HomeStore;
			sourceTree = "<group>";
		};
		50458AFF1F434B0900AE0C57 /* View Controller */ = {
			isa = PBXGroup;
			children = (
				50B2FBE31F4380A2003B3F58 /* ViewController.swift */,
				50B2FBE11F438080003B3F58 /* PhotoDetailViewController.swift */,
			);
			name = "View Controller";
			sourceTree = "<group>";
		};
		50458B001F434B1F00AE0C57 /* Storyboard and Views */ = {
			isa = PBXGroup;
			children = (
				50458AF11F42436D00AE0C57 /* Main.storyboard */,
				50B2FBC31F43555B003B3F58 /* PhotoCollectionViewCell.swift */,
			);
			name = "Storyboard and Views";
			sourceTree = "<group>";
		};
		50458B011F434B3100AE0C57 /* Data Model */ = {
			isa = PBXGroup;
			children = (
				50B2FBC91F435612003B3F58 /* DataModel.swift */,
				50B2FBCB1F4356B6003B3F58 /* Photo.swift */,
			);
			name = "Data Model";
			sourceTree = "<group>";
		};
		50B2FBDD1F435DB9003B3F58 /* Fonts */ = {
			isa = PBXGroup;
			children = (
				50B2FBCF1F435DAE003B3F58 /* Proxima Nova Black.ttf */,
				50B2FBD01F435DAE003B3F58 /* Proxima Nova Bold.ttf */,
				50B2FBD11F435DAE003B3F58 /* Proxima Nova Condensed Semibold.ttf */,
				50B2FBD21F435DAE003B3F58 /* Proxima Nova Regular.ttf */,
				50B2FBD31F435DAE003B3F58 /* Proxima Nova ScOsf Thin.ttf */,
				50B2FBD41F435DAE003B3F58 /* Proxima Nova Semibold.ttf */,
				50B2FBD51F435DAE003B3F58 /* Proxima Nova Thin.ttf */,
			);
			name = Fonts;
			sourceTree = "<group>";
		};
		50B2FBDE1F4368B5003B3F58 /* Data Controllers */ = {
			isa = PBXGroup;
			children = (
				50B2FBDF1F4368E1003B3F58 /* PhotosDataController.swift */,
			);
			name = "Data Controllers";
			sourceTree = "<group>";
		};
/* End PBXGroup section */

/* Begin PBXNativeTarget section */
		50458AE91F42436D00AE0C57 /* HomeStore */ = {
			isa = PBXNativeTarget;
			buildConfigurationList = 50458AFC1F42436D00AE0C57 /* Build configuration list for PBXNativeTarget "HomeStore" */;
			buildPhases = (
				50458AE61F42436D00AE0C57 /* Sources */,
				50458AE71F42436D00AE0C57 /* Frameworks */,
				50458AE81F42436D00AE0C57 /* Resources */,
			);
			buildRules = (
			);
			dependencies = (
			);
			name = HomeStore;
			productName = HomeStore;
			productReference = 50458AEA1F42436D00AE0C57 /* HomeStore.app */;
			productType = "com.apple.product-type.application";
		};
/* End PBXNativeTarget section */

/* Begin PBXProject section */
		50458AE21F42436D00AE0C57 /* Project object */ = {
			isa = PBXProject;
			attributes = {
				LastSwiftUpdateCheck = 0830;
				LastUpgradeCheck = 0830;
				ORGANIZATIONNAME = "Kaushil Ruparelia";
				TargetAttributes = {
					50458AE91F42436D00AE0C57 = {
						CreatedOnToolsVersion = 8.3.3;
						ProvisioningStyle = Automatic;
					};
				};
			};
			buildConfigurationList = 50458AE51F42436D00AE0C57 /* Build configuration list for PBXProject "HomeStore" */;
			compatibilityVersion = "Xcode 3.2";
			developmentRegion = English;
			hasScannedForEncodings = 0;
			knownRegions = (
				en,
				Base,
			);
			mainGroup = 50458AE11F42436D00AE0C57;
			productRefGroup = 50458AEB1F42436D00AE0C57 /* Products */;
			projectDirPath = "";
			projectRoot = "";
			targets = (
				50458AE91F42436D00AE0C57 /* HomeStore */,
			);
		};
/* End PBXProject section */

/* Begin PBXResourcesBuildPhase section */
		50458AE81F42436D00AE0C57 /* Resources */ = {
			isa = PBXResourcesBuildPhase;
			buildActionMask = 2147483647;
			files = (
				50B2FBD61F435DAE003B3F58 /* Proxima Nova Black.ttf in Resources */,
				50B2FBDB1F435DAE003B3F58 /* Proxima Nova Semibold.ttf in Resources */,
				50B2FBDC1F435DAE003B3F58 /* Proxima Nova Thin.ttf in Resources */,
				50458AF81F42436D00AE0C57 /* LaunchScreen.storyboard in Resources */,
				50458AF51F42436D00AE0C57 /* Assets.xcassets in Resources */,
				50B2FBD91F435DAE003B3F58 /* Proxima Nova Regular.ttf in Resources */,
				50B2FBDA1F435DAE003B3F58 /* Proxima Nova ScOsf Thin.ttf in Resources */,
				50458AF31F42436D00AE0C57 /* Main.storyboard in Resources */,
				50B2FBD81F435DAE003B3F58 /* Proxima Nova Condensed Semibold.ttf in Resources */,
				50B2FBD71F435DAE003B3F58 /* Proxima Nova Bold.ttf in Resources */,
			);
			runOnlyForDeploymentPostprocessing = 0;
		};
/* End PBXResourcesBuildPhase section */

/* Begin PBXSourcesBuildPhase section */
		50458AE61F42436D00AE0C57 /* Sources */ = {
			isa = PBXSourcesBuildPhase;
			buildActionMask = 2147483647;
			files = (
				50B2FBE51F438796003B3F58 /* ViewController.swift in Sources */,
				50B2FBE01F4368E1003B3F58 /* PhotosDataController.swift in Sources */,
				50B2FBCA1F435612003B3F58 /* DataModel.swift in Sources */,
				50B2FBE21F438080003B3F58 /* PhotoDetailViewController.swift in Sources */,
				50458AEE1F42436D00AE0C57 /* AppDelegate.swift in Sources */,
				50B2FBC41F43555B003B3F58 /* PhotoCollectionViewCell.swift in Sources */,
				50B2FBCC1F4356B6003B3F58 /* Photo.swift in Sources */,
			);
			runOnlyForDeploymentPostprocessing = 0;
		};
/* End PBXSourcesBuildPhase section */

/* Begin PBXVariantGroup section */
		50458AF11F42436D00AE0C57 /* Main.storyboard */ = {
			isa = PBXVariantGroup;
			children = (
				50458AF21F42436D00AE0C57 /* Base */,
			);
			name = Main.storyboard;
			sourceTree = "<group>";
		};
		50458AF61F42436D00AE0C57 /* LaunchScreen.storyboard */ = {
			isa = PBXVariantGroup;
			children = (
				50458AF71F42436D00AE0C57 /* Base */,
			);
			name = LaunchScreen.storyboard;
			sourceTree = "<group>";
		};
/* End PBXVariantGroup section */

/* Begin XCBuildConfiguration section */
		50458AFA1F42436D00AE0C57 /* Debug */ = {
			isa = XCBuildConfiguration;
			buildSettings = {
				ALWAYS_SEARCH_USER_PATHS = NO;
				CLANG_ANALYZER_NONNULL = YES;
				CLANG_ANALYZER_NUMBER_OBJECT_CONVERSION = YES_AGGRESSIVE;
				CLANG_CXX_LANGUAGE_STANDARD = "gnu++0x";
				CLANG_CXX_LIBRARY = "libc++";
				CLANG_ENABLE_MODULES = YES;
				CLANG_ENABLE_OBJC_ARC = YES;
				CLANG_WARN_BOOL_CONVERSION = YES;
				CLANG_WARN_CONSTANT_CONVERSION = YES;
				CLANG_WARN_DIRECT_OBJC_ISA_USAGE = YES_ERROR;
				CLANG_WARN_DOCUMENTATION_COMMENTS = YES;
				CLANG_WARN_EMPTY_BODY = YES;
				CLANG_WARN_ENUM_CONVERSION = YES;
				CLANG_WARN_INFINITE_RECURSION = YES;
				CLANG_WARN_INT_CONVERSION = YES;
				CLANG_WARN_OBJC_ROOT_CLASS = YES_ERROR;
				CLANG_WARN_SUSPICIOUS_MOVE = YES;
				CLANG_WARN_UNREACHABLE_CODE = YES;
				CLANG_WARN__DUPLICATE_METHOD_MATCH = YES;
				"CODE_SIGN_IDENTITY[sdk=iphoneos*]" = "iPhone Developer";
				COPY_PHASE_STRIP = NO;
				DEBUG_INFORMATION_FORMAT = dwarf;
				ENABLE_STRICT_OBJC_MSGSEND = YES;
				ENABLE_TESTABILITY = YES;
				GCC_C_LANGUAGE_STANDARD = gnu99;
				GCC_DYNAMIC_NO_PIC = NO;
				GCC_NO_COMMON_BLOCKS = YES;
				GCC_OPTIMIZATION_LEVEL = 0;
				GCC_PREPROCESSOR_DEFINITIONS = (
					"DEBUG=1",
					"$(inherited)",
				);
				GCC_WARN_64_TO_32_BIT_CONVERSION = YES;
				GCC_WARN_ABOUT_RETURN_TYPE = YES_ERROR;
				GCC_WARN_UNDECLARED_SELECTOR = YES;
				GCC_WARN_UNINITIALIZED_AUTOS = YES_AGGRESSIVE;
				GCC_WARN_UNUSED_FUNCTION = YES;
				GCC_WARN_UNUSED_VARIABLE = YES;
				IPHONEOS_DEPLOYMENT_TARGET = 10.3;
				MTL_ENABLE_DEBUG_INFO = YES;
				ONLY_ACTIVE_ARCH = YES;
				SDKROOT = iphoneos;
				SWIFT_ACTIVE_COMPILATION_CONDITIONS = DEBUG;
				SWIFT_OPTIMIZATION_LEVEL = "-Onone";
			};
			name = Debug;
		};
		50458AFB1F42436D00AE0C57 /* Release */ = {
			isa = XCBuildConfiguration;
			buildSettings = {
				ALWAYS_SEARCH_USER_PATHS = NO;
				CLANG_ANALYZER_NONNULL = YES;
				CLANG_ANALYZER_NUMBER_OBJECT_CONVERSION = YES_AGGRESSIVE;
				CLANG_CXX_LANGUAGE_STANDARD = "gnu++0x";
				CLANG_CXX_LIBRARY = "libc++";
				CLANG_ENABLE_MODULES = YES;
				CLANG_ENABLE_OBJC_ARC = YES;
				CLANG_WARN_BOOL_CONVERSION = YES;
				CLANG_WARN_CONSTANT_CONVERSION = YES;
				CLANG_WARN_DIRECT_OBJC_ISA_USAGE = YES_ERROR;
				CLANG_WARN_DOCUMENTATION_COMMENTS = YES;
				CLANG_WARN_EMPTY_BODY = YES;
				CLANG_WARN_ENUM_CONVERSION = YES;
				CLANG_WARN_INFINITE_RECURSION = YES;
				CLANG_WARN_INT_CONVERSION = YES;
				CLANG_WARN_OBJC_ROOT_CLASS = YES_ERROR;
				CLANG_WARN_SUSPICIOUS_MOVE = YES;
				CLANG_WARN_UNREACHABLE_CODE = YES;
				CLANG_WARN__DUPLICATE_METHOD_MATCH = YES;
				"CODE_SIGN_IDENTITY[sdk=iphoneos*]" = "iPhone Developer";
				COPY_PHASE_STRIP = NO;
				DEBUG_INFORMATION_FORMAT = "dwarf-with-dsym";
				ENABLE_NS_ASSERTIONS = NO;
				ENABLE_STRICT_OBJC_MSGSEND = YES;
				GCC_C_LANGUAGE_STANDARD = gnu99;
				GCC_NO_COMMON_BLOCKS = YES;
				GCC_WARN_64_TO_32_BIT_CONVERSION = YES;
				GCC_WARN_ABOUT_RETURN_TYPE = YES_ERROR;
				GCC_WARN_UNDECLARED_SELECTOR = YES;
				GCC_WARN_UNINITIALIZED_AUTOS = YES_AGGRESSIVE;
				GCC_WARN_UNUSED_FUNCTION = YES;
				GCC_WARN_UNUSED_VARIABLE = YES;
				IPHONEOS_DEPLOYMENT_TARGET = 10.3;
				MTL_ENABLE_DEBUG_INFO = NO;
				SDKROOT = iphoneos;
				SWIFT_OPTIMIZATION_LEVEL = "-Owholemodule";
				VALIDATE_PRODUCT = YES;
			};
			name = Release;
		};
		50458AFD1F42436D00AE0C57 /* Debug */ = {
			isa = XCBuildConfiguration;
			buildSettings = {
				ASSETCATALOG_COMPILER_APPICON_NAME = AppIcon;
				INFOPLIST_FILE = HomeStore/Info.plist;
				LD_RUNPATH_SEARCH_PATHS = "$(inherited) @executable_path/Frameworks";
				PRODUCT_BUNDLE_IDENTIFIER = com.kaushilruparelia.HomeStore;
				PRODUCT_NAME = "$(TARGET_NAME)";
				SWIFT_VERSION = 3.0;
			};
			name = Debug;
		};
		50458AFE1F42436D00AE0C57 /* Release */ = {
			isa = XCBuildConfiguration;
			buildSettings = {
				ASSETCATALOG_COMPILER_APPICON_NAME = AppIcon;
				INFOPLIST_FILE = HomeStore/Info.plist;
				LD_RUNPATH_SEARCH_PATHS = "$(inherited) @executable_path/Frameworks";
				PRODUCT_BUNDLE_IDENTIFIER = com.kaushilruparelia.HomeStore;
				PRODUCT_NAME = "$(TARGET_NAME)";
				SWIFT_VERSION = 3.0;
			};
			name = Release;
		};
/* End XCBuildConfiguration section */

/* Begin XCConfigurationList section */
		50458AE51F42436D00AE0C57 /* Build configuration list for PBXProject "HomeStore" */ = {
			isa = XCConfigurationList;
			buildConfigurations = (
				50458AFA1F42436D00AE0C57 /* Debug */,
				50458AFB1F42436D00AE0C57 /* Release */,
			);
			defaultConfigurationIsVisible = 0;
			defaultConfigurationName = Release;
		};
		50458AFC1F42436D00AE0C57 /* Build configuration list for PBXNativeTarget "HomeStore" */ = {
			isa = XCConfigurationList;
			buildConfigurations = (
				50458AFD1F42436D00AE0C57 /* Debug */,
				50458AFE1F42436D00AE0C57 /* Release */,
			);
			defaultConfigurationIsVisible = 0;
			defaultConfigurationName = Release;
		};
/* End XCConfigurationList section */
	};
	rootObject = 50458AE21F42436D00AE0C57 /* Project object */;
}
